
Microsoft Visual Studio Solution File, Format Version 12.00
# Visual Studio 15
VisualStudioVersion = 15.0.26730.12
MinimumVisualStudioVersion = 10.0.40219.1
Project("{FAE04EC0-301F-11D3-BF4B-00C04F79EFBC}") = "KressService", "KressService\KressService.csproj", "{DBB767C5-4607-413E-8E06-ED615322CD41}"
EndProject
Global
	GlobalSection(SolutionConfigurationPlatforms) = preSolution
		Debug|Any CPU = Debug|Any CPU
		Release|Any CPU = Release|Any CPU
	EndGlobalSection
	GlobalSection(ProjectConfigurationPlatforms) = postSolution
		{DBB767C5-4607-413E-8E06-ED615322CD41}.Debug|Any CPU.ActiveCfg = Debug|Any CPU
		{DBB767C5-4607-413E-8E06-ED615322CD41}.Debug|Any CPU.Build.0 = Debug|Any CPU
		{DBB767C5-4607-413E-8E06-ED615322CD41}.Release|Any CPU.ActiveCfg = Release|Any CPU
		{DBB767C5-4607-413E-8E06-ED615322CD41}.Release|Any CPU.Build.0 = Release|Any CPU
	EndGlobalSection
	GlobalSection(SolutionProperties) = preSolution
		HideSolutionNode = FALSE
	EndGlobalSection
	GlobalSection(ExtensibilityGlobals) = postSolution
		SolutionGuid = {5081D2FF-1BD5-409F-802F-4F19628C8CB9}
	EndGlobalSection
EndGlobal
